// !$*UTF8*$!
{
	archiveVersion = 1;
	classes = {
	};
	objectVersion = 51;
	objects = {

/* Begin PBXBuildFile section */
		38323FAEF713C6A2B3679506 /* Pods_Sha_InstagramApp.framework in Frameworks */ = {isa = PBXBuildFile; fileRef = 2CFE0EAFB2222C903C9FD63D /* Pods_Sha_InstagramApp.framework */; };
		DB33EAF126539EFD000CC1EF /* AppDelegate.swift in Sources */ = {isa = PBXBuildFile; fileRef = DB33EAF026539EFD000CC1EF /* AppDelegate.swift */; };
		DB33EAF326539EFD000CC1EF /* SceneDelegate.swift in Sources */ = {isa = PBXBuildFile; fileRef = DB33EAF226539EFD000CC1EF /* SceneDelegate.swift */; };
		DB33EAF526539EFD000CC1EF /* ViewController.swift in Sources */ = {isa = PBXBuildFile; fileRef = DB33EAF426539EFD000CC1EF /* ViewController.swift */; };
		DB33EAF826539EFD000CC1EF /* Main.storyboard in Resources */ = {isa = PBXBuildFile; fileRef = DB33EAF626539EFD000CC1EF /* Main.storyboard */; };
		DB33EAFA26539EFE000CC1EF /* Assets.xcassets in Resources */ = {isa = PBXBuildFile; fileRef = DB33EAF926539EFE000CC1EF /* Assets.xcassets */; };
		DB33EAFD26539EFE000CC1EF /* LaunchScreen.storyboard in Resources */ = {isa = PBXBuildFile; fileRef = DB33EAFB26539EFE000CC1EF /* LaunchScreen.storyboard */; };
		DB33EB132653A17C000CC1EF /* MainTabController.swift in Sources */ = {isa = PBXBuildFile; fileRef = DB33EB122653A17C000CC1EF /* MainTabController.swift */; };
		DB33EB152653BCFD000CC1EF /* FeedCollectionViewController.swift in Sources */ = {isa = PBXBuildFile; fileRef = DB33EB142653BCFD000CC1EF /* FeedCollectionViewController.swift */; };
		DB33EB172653BD0E000CC1EF /* SearchViewController.swift in Sources */ = {isa = PBXBuildFile; fileRef = DB33EB162653BD0E000CC1EF /* SearchViewController.swift */; };
		DB33EB192653BD2A000CC1EF /* ImageSelectorViewController.swift in Sources */ = {isa = PBXBuildFile; fileRef = DB33EB182653BD2A000CC1EF /* ImageSelectorViewController.swift */; };
		DB33EB1B2653BD48000CC1EF /* NotificationViewController.swift in Sources */ = {isa = PBXBuildFile; fileRef = DB33EB1A2653BD48000CC1EF /* NotificationViewController.swift */; };
		DB33EB1D2653BD58000CC1EF /* ProfileCollectionViewController.swift in Sources */ = {isa = PBXBuildFile; fileRef = DB33EB1C2653BD58000CC1EF /* ProfileCollectionViewController.swift */; };
		DB33EB242653FA83000CC1EF /* FeedCollectionViewCell.swift in Sources */ = {isa = PBXBuildFile; fileRef = DB33EB232653FA83000CC1EF /* FeedCollectionViewCell.swift */; };
		DB33EB26265401F4000CC1EF /* Extensions.swift in Sources */ = {isa = PBXBuildFile; fileRef = DB33EB25265401F4000CC1EF /* Extensions.swift */; };
		DB926630265532B100E794EE /* LoginViewController.swift in Sources */ = {isa = PBXBuildFile; fileRef = DB92662F265532B100E794EE /* LoginViewController.swift */; };
		DB9266322655331C00E794EE /* RegistrationViewController.swift in Sources */ = {isa = PBXBuildFile; fileRef = DB9266312655331C00E794EE /* RegistrationViewController.swift */; };
		DB926634265562F700E794EE /* CustomTextField.swift in Sources */ = {isa = PBXBuildFile; fileRef = DB926633265562F700E794EE /* CustomTextField.swift */; };
		DB926636265628FB00E794EE /* AuthenticationViewModel.swift in Sources */ = {isa = PBXBuildFile; fileRef = DB926635265628FB00E794EE /* AuthenticationViewModel.swift */; };
		DB9266382656674100E794EE /* GoogleService-Info.plist in Resources */ = {isa = PBXBuildFile; fileRef = DB9266372656674100E794EE /* GoogleService-Info.plist */; };
		DB92663A2656857000E794EE /* ImageUploader.swift in Sources */ = {isa = PBXBuildFile; fileRef = DB9266392656857000E794EE /* ImageUploader.swift */; };
		DB92663C2656899800E794EE /* AuthService.swift in Sources */ = {isa = PBXBuildFile; fileRef = DB92663B2656899800E794EE /* AuthService.swift */; };
		DB92663F265792AA00E794EE /* ProfileHeaderReusable.swift in Sources */ = {isa = PBXBuildFile; fileRef = DB92663E265792AA00E794EE /* ProfileHeaderReusable.swift */; };
		DB926641265792C700E794EE /* ProfileCell.swift in Sources */ = {isa = PBXBuildFile; fileRef = DB926640265792C700E794EE /* ProfileCell.swift */; };
		DB9266472658D45200E794EE /* UserProfileInfoService.swift in Sources */ = {isa = PBXBuildFile; fileRef = DB9266462658D45200E794EE /* UserProfileInfoService.swift */; };
		DB9266492659153800E794EE /* ProfileViewModel.swift in Sources */ = {isa = PBXBuildFile; fileRef = DB9266482659153800E794EE /* ProfileViewModel.swift */; };
		DB92664B2659154500E794EE /* ProfileModel.swift in Sources */ = {isa = PBXBuildFile; fileRef = DB92664A2659154500E794EE /* ProfileModel.swift */; };
		DB92664D265BA7D100E794EE /* Constants.swift in Sources */ = {isa = PBXBuildFile; fileRef = DB92664C265BA7D100E794EE /* Constants.swift */; };
		DB92664F265BA85000E794EE /* UserProfileCell.swift in Sources */ = {isa = PBXBuildFile; fileRef = DB92664E265BA85000E794EE /* UserProfileCell.swift */; };
		DB926653265BF12700E794EE /* ProfileListViewModel.swift in Sources */ = {isa = PBXBuildFile; fileRef = DB926652265BF12700E794EE /* ProfileListViewModel.swift */; };
/* End PBXBuildFile section */

/* Begin PBXFileReference section */
		2CFE0EAFB2222C903C9FD63D /* Pods_Sha_InstagramApp.framework */ = {isa = PBXFileReference; explicitFileType = wrapper.framework; includeInIndex = 0; path = Pods_Sha_InstagramApp.framework; sourceTree = BUILT_PRODUCTS_DIR; };
		7F5BDE6C3273AED7CA8B111D /* Pods-Sha-InstagramApp.release.xcconfig */ = {isa = PBXFileReference; includeInIndex = 1; lastKnownFileType = text.xcconfig; name = "Pods-Sha-InstagramApp.release.xcconfig"; path = "Target Support Files/Pods-Sha-InstagramApp/Pods-Sha-InstagramApp.release.xcconfig"; sourceTree = "<group>"; };
		DB33EAED26539EFD000CC1EF /* Sha-InstagramApp.app */ = {isa = PBXFileReference; explicitFileType = wrapper.application; includeInIndex = 0; path = "Sha-InstagramApp.app"; sourceTree = BUILT_PRODUCTS_DIR; };
		DB33EAF026539EFD000CC1EF /* AppDelegate.swift */ = {isa = PBXFileReference; lastKnownFileType = sourcecode.swift; path = AppDelegate.swift; sourceTree = "<group>"; };
		DB33EAF226539EFD000CC1EF /* SceneDelegate.swift */ = {isa = PBXFileReference; lastKnownFileType = sourcecode.swift; path = SceneDelegate.swift; sourceTree = "<group>"; };
		DB33EAF426539EFD000CC1EF /* ViewController.swift */ = {isa = PBXFileReference; lastKnownFileType = sourcecode.swift; path = ViewController.swift; sourceTree = "<group>"; };
		DB33EAF726539EFD000CC1EF /* Base */ = {isa = PBXFileReference; lastKnownFileType = file.storyboard; name = Base; path = Base.lproj/Main.storyboard; sourceTree = "<group>"; };
		DB33EAF926539EFE000CC1EF /* Assets.xcassets */ = {isa = PBXFileReference; lastKnownFileType = folder.assetcatalog; path = Assets.xcassets; sourceTree = "<group>"; };
		DB33EAFC26539EFE000CC1EF /* Base */ = {isa = PBXFileReference; lastKnownFileType = file.storyboard; name = Base; path = Base.lproj/LaunchScreen.storyboard; sourceTree = "<group>"; };
		DB33EAFE26539EFE000CC1EF /* Info.plist */ = {isa = PBXFileReference; lastKnownFileType = text.plist.xml; path = Info.plist; sourceTree = "<group>"; };
		DB33EB122653A17C000CC1EF /* MainTabController.swift */ = {isa = PBXFileReference; lastKnownFileType = sourcecode.swift; path = MainTabController.swift; sourceTree = "<group>"; };
		DB33EB142653BCFD000CC1EF /* FeedCollectionViewController.swift */ = {isa = PBXFileReference; lastKnownFileType = sourcecode.swift; path = FeedCollectionViewController.swift; sourceTree = "<group>"; };
		DB33EB162653BD0E000CC1EF /* SearchViewController.swift */ = {isa = PBXFileReference; lastKnownFileType = sourcecode.swift; path = SearchViewController.swift; sourceTree = "<group>"; };
		DB33EB182653BD2A000CC1EF /* ImageSelectorViewController.swift */ = {isa = PBXFileReference; lastKnownFileType = sourcecode.swift; path = ImageSelectorViewController.swift; sourceTree = "<group>"; };
		DB33EB1A2653BD48000CC1EF /* NotificationViewController.swift */ = {isa = PBXFileReference; lastKnownFileType = sourcecode.swift; path = NotificationViewController.swift; sourceTree = "<group>"; };
		DB33EB1C2653BD58000CC1EF /* ProfileCollectionViewController.swift */ = {isa = PBXFileReference; lastKnownFileType = sourcecode.swift; path = ProfileCollectionViewController.swift; sourceTree = "<group>"; };
		DB33EB232653FA83000CC1EF /* FeedCollectionViewCell.swift */ = {isa = PBXFileReference; lastKnownFileType = sourcecode.swift; path = FeedCollectionViewCell.swift; sourceTree = "<group>"; };
		DB33EB25265401F4000CC1EF /* Extensions.swift */ = {isa = PBXFileReference; lastKnownFileType = sourcecode.swift; path = Extensions.swift; sourceTree = "<group>"; };
		DB92662F265532B100E794EE /* LoginViewController.swift */ = {isa = PBXFileReference; lastKnownFileType = sourcecode.swift; path = LoginViewController.swift; sourceTree = "<group>"; };
		DB9266312655331C00E794EE /* RegistrationViewController.swift */ = {isa = PBXFileReference; lastKnownFileType = sourcecode.swift; path = RegistrationViewController.swift; sourceTree = "<group>"; };
		DB926633265562F700E794EE /* CustomTextField.swift */ = {isa = PBXFileReference; lastKnownFileType = sourcecode.swift; path = CustomTextField.swift; sourceTree = "<group>"; };
		DB926635265628FB00E794EE /* AuthenticationViewModel.swift */ = {isa = PBXFileReference; lastKnownFileType = sourcecode.swift; path = AuthenticationViewModel.swift; sourceTree = "<group>"; };
		DB9266372656674100E794EE /* GoogleService-Info.plist */ = {isa = PBXFileReference; fileEncoding = 4; lastKnownFileType = text.plist.xml; path = "GoogleService-Info.plist"; sourceTree = "<group>"; };
		DB9266392656857000E794EE /* ImageUploader.swift */ = {isa = PBXFileReference; lastKnownFileType = sourcecode.swift; path = ImageUploader.swift; sourceTree = "<group>"; };
		DB92663B2656899800E794EE /* AuthService.swift */ = {isa = PBXFileReference; lastKnownFileType = sourcecode.swift; path = AuthService.swift; sourceTree = "<group>"; };
		DB92663E265792AA00E794EE /* ProfileHeaderReusable.swift */ = {isa = PBXFileReference; lastKnownFileType = sourcecode.swift; path = ProfileHeaderReusable.swift; sourceTree = "<group>"; };
		DB926640265792C700E794EE /* ProfileCell.swift */ = {isa = PBXFileReference; lastKnownFileType = sourcecode.swift; path = ProfileCell.swift; sourceTree = "<group>"; };
		DB9266462658D45200E794EE /* UserProfileInfoService.swift */ = {isa = PBXFileReference; lastKnownFileType = sourcecode.swift; path = UserProfileInfoService.swift; sourceTree = "<group>"; };
		DB9266482659153800E794EE /* ProfileViewModel.swift */ = {isa = PBXFileReference; lastKnownFileType = sourcecode.swift; path = ProfileViewModel.swift; sourceTree = "<group>"; };
		DB92664A2659154500E794EE /* ProfileModel.swift */ = {isa = PBXFileReference; lastKnownFileType = sourcecode.swift; path = ProfileModel.swift; sourceTree = "<group>"; };
		DB92664C265BA7D100E794EE /* Constants.swift */ = {isa = PBXFileReference; lastKnownFileType = sourcecode.swift; path = Constants.swift; sourceTree = "<group>"; };
		DB92664E265BA85000E794EE /* UserProfileCell.swift */ = {isa = PBXFileReference; lastKnownFileType = sourcecode.swift; path = UserProfileCell.swift; sourceTree = "<group>"; };
		DB926652265BF12700E794EE /* ProfileListViewModel.swift */ = {isa = PBXFileReference; lastKnownFileType = sourcecode.swift; path = ProfileListViewModel.swift; sourceTree = "<group>"; };
		E7F4DDA3A60729C931D5F1DB /* Pods-Sha-InstagramApp.debug.xcconfig */ = {isa = PBXFileReference; includeInIndex = 1; lastKnownFileType = text.xcconfig; name = "Pods-Sha-InstagramApp.debug.xcconfig"; path = "Target Support Files/Pods-Sha-InstagramApp/Pods-Sha-InstagramApp.debug.xcconfig"; sourceTree = "<group>"; };
/* End PBXFileReference section */

/* Begin PBXFrameworksBuildPhase section */
		DB33EAEA26539EFD000CC1EF /* Frameworks */ = {
			isa = PBXFrameworksBuildPhase;
			buildActionMask = 2147483647;
			files = (
				38323FAEF713C6A2B3679506 /* Pods_Sha_InstagramApp.framework in Frameworks */,
			);
			runOnlyForDeploymentPostprocessing = 0;
		};
/* End PBXFrameworksBuildPhase section */

/* Begin PBXGroup section */
		03409EAFC8012BB94E532549 /* Frameworks */ = {
			isa = PBXGroup;
			children = (
				2CFE0EAFB2222C903C9FD63D /* Pods_Sha_InstagramApp.framework */,
			);
			name = Frameworks;
			sourceTree = "<group>";
		};
		DB33EAE426539EFD000CC1EF = {
			isa = PBXGroup;
			children = (
				DB33EAEF26539EFD000CC1EF /* Sha-InstagramApp */,
				DB33EAEE26539EFD000CC1EF /* Products */,
				DE88321E809B64B571F34265 /* Pods */,
				03409EAFC8012BB94E532549 /* Frameworks */,
			);
			sourceTree = "<group>";
		};
		DB33EAEE26539EFD000CC1EF /* Products */ = {
			isa = PBXGroup;
			children = (
				DB33EAED26539EFD000CC1EF /* Sha-InstagramApp.app */,
			);
			name = Products;
			sourceTree = "<group>";
		};
		DB33EAEF26539EFD000CC1EF /* Sha-InstagramApp */ = {
			isa = PBXGroup;
			children = (
				DB33EB222653FA6F000CC1EF /* Cells */,
				DB33EB0F2653A044000CC1EF /* Utils */,
				DB33EB0E2653A042000CC1EF /* APIs */,
				DB33EB0D2653A03F000CC1EF /* Models */,
				DB33EB0C2653A03B000CC1EF /* View Models */,
				DB33EB0B2653A039000CC1EF /* Controllers */,
				DB33EB042653A012000CC1EF /* Views */,
				DB33EAF026539EFD000CC1EF /* AppDelegate.swift */,
				DB33EAF226539EFD000CC1EF /* SceneDelegate.swift */,
				DB33EAF426539EFD000CC1EF /* ViewController.swift */,
				DB33EAF626539EFD000CC1EF /* Main.storyboard */,
				DB33EAF926539EFE000CC1EF /* Assets.xcassets */,
				DB33EAFB26539EFE000CC1EF /* LaunchScreen.storyboard */,
				DB33EAFE26539EFE000CC1EF /* Info.plist */,
				DB9266372656674100E794EE /* GoogleService-Info.plist */,
			);
			path = "Sha-InstagramApp";
			sourceTree = "<group>";
		};
		DB33EB042653A012000CC1EF /* Views */ = {
			isa = PBXGroup;
			children = (
				DB926633265562F700E794EE /* CustomTextField.swift */,
			);
			path = Views;
			sourceTree = "<group>";
		};
		DB33EB0B2653A039000CC1EF /* Controllers */ = {
			isa = PBXGroup;
			children = (
				DB92662E265531F400E794EE /* Authentication */,
				DB33EB122653A17C000CC1EF /* MainTabController.swift */,
				DB33EB142653BCFD000CC1EF /* FeedCollectionViewController.swift */,
				DB33EB162653BD0E000CC1EF /* SearchViewController.swift */,
				DB33EB182653BD2A000CC1EF /* ImageSelectorViewController.swift */,
				DB33EB1A2653BD48000CC1EF /* NotificationViewController.swift */,
				DB33EB1C2653BD58000CC1EF /* ProfileCollectionViewController.swift */,
			);
			path = Controllers;
			sourceTree = "<group>";
		};
		DB33EB0C2653A03B000CC1EF /* View Models */ = {
			isa = PBXGroup;
			children = (
				DB926635265628FB00E794EE /* AuthenticationViewModel.swift */,
				DB9266482659153800E794EE /* ProfileViewModel.swift */,
				DB926652265BF12700E794EE /* ProfileListViewModel.swift */,
			);
			path = "View Models";
			sourceTree = "<group>";
		};
		DB33EB0D2653A03F000CC1EF /* Models */ = {
			isa = PBXGroup;
			children = (
				DB92664A2659154500E794EE /* ProfileModel.swift */,
			);
			path = Models;
			sourceTree = "<group>";
		};
		DB33EB0E2653A042000CC1EF /* APIs */ = {
			isa = PBXGroup;
			children = (
				DB9266392656857000E794EE /* ImageUploader.swift */,
				DB92663B2656899800E794EE /* AuthService.swift */,
				DB9266462658D45200E794EE /* UserProfileInfoService.swift */,
			);
			path = APIs;
			sourceTree = "<group>";
		};
		DB33EB0F2653A044000CC1EF /* Utils */ = {
			isa = PBXGroup;
			children = (
				DB33EB25265401F4000CC1EF /* Extensions.swift */,
				DB92664C265BA7D100E794EE /* Constants.swift */,
			);
			path = Utils;
			sourceTree = "<group>";
		};
		DB33EB222653FA6F000CC1EF /* Cells */ = {
			isa = PBXGroup;
			children = (
				DB33EB232653FA83000CC1EF /* FeedCollectionViewCell.swift */,
				DB92664E265BA85000E794EE /* UserProfileCell.swift */,
				DB92663D2657926B00E794EE /* Profile */,
			);
			path = Cells;
			sourceTree = "<group>";
		};
		DB92662E265531F400E794EE /* Authentication */ = {
			isa = PBXGroup;
			children = (
				DB92662F265532B100E794EE /* LoginViewController.swift */,
				DB9266312655331C00E794EE /* RegistrationViewController.swift */,
			);
			path = Authentication;
			sourceTree = "<group>";
		};
		DB92663D2657926B00E794EE /* Profile */ = {
			isa = PBXGroup;
			children = (
				DB92663E265792AA00E794EE /* ProfileHeaderReusable.swift */,
				DB926640265792C700E794EE /* ProfileCell.swift */,
			);
			path = Profile;
			sourceTree = "<group>";
		};
		DE88321E809B64B571F34265 /* Pods */ = {
			isa = PBXGroup;
			children = (
				E7F4DDA3A60729C931D5F1DB /* Pods-Sha-InstagramApp.debug.xcconfig */,
				7F5BDE6C3273AED7CA8B111D /* Pods-Sha-InstagramApp.release.xcconfig */,
			);
			path = Pods;
			sourceTree = "<group>";
		};
/* End PBXGroup section */

/* Begin PBXNativeTarget section */
		DB33EAEC26539EFD000CC1EF /* Sha-InstagramApp */ = {
			isa = PBXNativeTarget;
			buildConfigurationList = DB33EB0126539EFE000CC1EF /* Build configuration list for PBXNativeTarget "Sha-InstagramApp" */;
			buildPhases = (
				8149C7F2892F4CED3EA13172 /* [CP] Check Pods Manifest.lock */,
				DB33EAE926539EFD000CC1EF /* Sources */,
				DB33EAEA26539EFD000CC1EF /* Frameworks */,
				DB33EAEB26539EFD000CC1EF /* Resources */,
				0029AF123E97642D7E1305C7 /* [CP] Embed Pods Frameworks */,
			);
			buildRules = (
			);
			dependencies = (
			);
			name = "Sha-InstagramApp";
			productName = "Sha-InstagramApp";
			productReference = DB33EAED26539EFD000CC1EF /* Sha-InstagramApp.app */;
			productType = "com.apple.product-type.application";
		};
/* End PBXNativeTarget section */

/* Begin PBXProject section */
		DB33EAE526539EFD000CC1EF /* Project object */ = {
			isa = PBXProject;
			attributes = {
				LastSwiftUpdateCheck = 1250;
				LastUpgradeCheck = 1250;
				TargetAttributes = {
					DB33EAEC26539EFD000CC1EF = {
						CreatedOnToolsVersion = 12.5;
					};
				};
			};
			buildConfigurationList = DB33EAE826539EFD000CC1EF /* Build configuration list for PBXProject "Sha-InstagramApp" */;
			compatibilityVersion = "Xcode 9.3";
			developmentRegion = en;
			hasScannedForEncodings = 0;
			knownRegions = (
				en,
				Base,
			);
			mainGroup = DB33EAE426539EFD000CC1EF;
			productRefGroup = DB33EAEE26539EFD000CC1EF /* Products */;
			projectDirPath = "";
			projectRoot = "";
			targets = (
				DB33EAEC26539EFD000CC1EF /* Sha-InstagramApp */,
			);
		};
/* End PBXProject section */

/* Begin PBXResourcesBuildPhase section */
		DB33EAEB26539EFD000CC1EF /* Resources */ = {
			isa = PBXResourcesBuildPhase;
			buildActionMask = 2147483647;
			files = (
				DB33EAFD26539EFE000CC1EF /* LaunchScreen.storyboard in Resources */,
				DB9266382656674100E794EE /* GoogleService-Info.plist in Resources */,
				DB33EAFA26539EFE000CC1EF /* Assets.xcassets in Resources */,
				DB33EAF826539EFD000CC1EF /* Main.storyboard in Resources */,
			);
			runOnlyForDeploymentPostprocessing = 0;
		};
/* End PBXResourcesBuildPhase section */

/* Begin PBXShellScriptBuildPhase section */
		0029AF123E97642D7E1305C7 /* [CP] Embed Pods Frameworks */ = {
			isa = PBXShellScriptBuildPhase;
			buildActionMask = 2147483647;
			files = (
			);
			inputFileListPaths = (
				"${PODS_ROOT}/Target Support Files/Pods-Sha-InstagramApp/Pods-Sha-InstagramApp-frameworks-${CONFIGURATION}-input-files.xcfilelist",
			);
			name = "[CP] Embed Pods Frameworks";
			outputFileListPaths = (
				"${PODS_ROOT}/Target Support Files/Pods-Sha-InstagramApp/Pods-Sha-InstagramApp-frameworks-${CONFIGURATION}-output-files.xcfilelist",
			);
			runOnlyForDeploymentPostprocessing = 0;
			shellPath = /bin/sh;
			shellScript = "\"${PODS_ROOT}/Target Support Files/Pods-Sha-InstagramApp/Pods-Sha-InstagramApp-frameworks.sh\"\n";
			showEnvVarsInLog = 0;
		};
		8149C7F2892F4CED3EA13172 /* [CP] Check Pods Manifest.lock */ = {
			isa = PBXShellScriptBuildPhase;
			buildActionMask = 2147483647;
			files = (
			);
			inputFileListPaths = (
			);
			inputPaths = (
				"${PODS_PODFILE_DIR_PATH}/Podfile.lock",
				"${PODS_ROOT}/Manifest.lock",
			);
			name = "[CP] Check Pods Manifest.lock";
			outputFileListPaths = (
			);
			outputPaths = (
				"$(DERIVED_FILE_DIR)/Pods-Sha-InstagramApp-checkManifestLockResult.txt",
			);
			runOnlyForDeploymentPostprocessing = 0;
			shellPath = /bin/sh;
			shellScript = "diff \"${PODS_PODFILE_DIR_PATH}/Podfile.lock\" \"${PODS_ROOT}/Manifest.lock\" > /dev/null\nif [ $? != 0 ] ; then\n    # print error to STDERR\n    echo \"error: The sandbox is not in sync with the Podfile.lock. Run 'pod install' or update your CocoaPods installation.\" >&2\n    exit 1\nfi\n# This output is used by Xcode 'outputs' to avoid re-running this script phase.\necho \"SUCCESS\" > \"${SCRIPT_OUTPUT_FILE_0}\"\n";
			showEnvVarsInLog = 0;
		};
/* End PBXShellScriptBuildPhase section */

/* Begin PBXSourcesBuildPhase section */
		DB33EAE926539EFD000CC1EF /* Sources */ = {
			isa = PBXSourcesBuildPhase;
			buildActionMask = 2147483647;
			files = (
				DB926634265562F700E794EE /* CustomTextField.swift in Sources */,
				DB926630265532B100E794EE /* LoginViewController.swift in Sources */,
				DB33EB172653BD0E000CC1EF /* SearchViewController.swift in Sources */,
				DB92664B2659154500E794EE /* ProfileModel.swift in Sources */,
				DB33EAF526539EFD000CC1EF /* ViewController.swift in Sources */,
				DB33EB242653FA83000CC1EF /* FeedCollectionViewCell.swift in Sources */,
				DB92664D265BA7D100E794EE /* Constants.swift in Sources */,
				DB9266322655331C00E794EE /* RegistrationViewController.swift in Sources */,
				DB9266492659153800E794EE /* ProfileViewModel.swift in Sources */,
				DB926636265628FB00E794EE /* AuthenticationViewModel.swift in Sources */,
				DB33EB1B2653BD48000CC1EF /* NotificationViewController.swift in Sources */,
				DB33EAF126539EFD000CC1EF /* AppDelegate.swift in Sources */,
				DB926653265BF12700E794EE /* ProfileListViewModel.swift in Sources */,
				DB33EB152653BCFD000CC1EF /* FeedCollectionViewController.swift in Sources */,
				DB33EB192653BD2A000CC1EF /* ImageSelectorViewController.swift in Sources */,
				DB33EB1D2653BD58000CC1EF /* ProfileCollectionViewController.swift in Sources */,
				DB9266472658D45200E794EE /* UserProfileInfoService.swift in Sources */,
				DB92664F265BA85000E794EE /* UserProfileCell.swift in Sources */,
				DB33EB132653A17C000CC1EF /* MainTabController.swift in Sources */,
				DB92663F265792AA00E794EE /* ProfileHeaderReusable.swift in Sources */,
				DB92663A2656857000E794EE /* ImageUploader.swift in Sources */,
				DB926641265792C700E794EE /* ProfileCell.swift in Sources */,
				DB92663C2656899800E794EE /* AuthService.swift in Sources */,
				DB33EB26265401F4000CC1EF /* Extensions.swift in Sources */,
				DB33EAF326539EFD000CC1EF /* SceneDelegate.swift in Sources */,
			);
			runOnlyForDeploymentPostprocessing = 0;
		};
/* End PBXSourcesBuildPhase section */

/* Begin PBXVariantGroup section */
		DB33EAF626539EFD000CC1EF /* Main.storyboard */ = {
			isa = PBXVariantGroup;
			children = (
				DB33EAF726539EFD000CC1EF /* Base */,
			);
			name = Main.storyboard;
			sourceTree = "<group>";
		};
		DB33EAFB26539EFE000CC1EF /* LaunchScreen.storyboard */ = {
			isa = PBXVariantGroup;
			children = (
				DB33EAFC26539EFE000CC1EF /* Base */,
			);
			name = LaunchScreen.storyboard;
			sourceTree = "<group>";
		};
/* End PBXVariantGroup section */

/* Begin XCBuildConfiguration section */
		DB33EAFF26539EFE000CC1EF /* Debug */ = {
			isa = XCBuildConfiguration;
			buildSettings = {
				ALWAYS_SEARCH_USER_PATHS = NO;
				CLANG_ANALYZER_NONNULL = YES;
				CLANG_ANALYZER_NUMBER_OBJECT_CONVERSION = YES_AGGRESSIVE;
				CLANG_CXX_LANGUAGE_STANDARD = "gnu++14";
				CLANG_CXX_LIBRARY = "libc++";
				CLANG_ENABLE_MODULES = YES;
				CLANG_ENABLE_OBJC_ARC = YES;
				CLANG_ENABLE_OBJC_WEAK = YES;
				CLANG_WARN_BLOCK_CAPTURE_AUTORELEASING = YES;
				CLANG_WARN_BOOL_CONVERSION = YES;
				CLANG_WARN_COMMA = YES;
				CLANG_WARN_CONSTANT_CONVERSION = YES;
				CLANG_WARN_DEPRECATED_OBJC_IMPLEMENTATIONS = YES;
				CLANG_WARN_DIRECT_OBJC_ISA_USAGE = YES_ERROR;
				CLANG_WARN_DOCUMENTATION_COMMENTS = YES;
				CLANG_WARN_EMPTY_BODY = YES;
				CLANG_WARN_ENUM_CONVERSION = YES;
				CLANG_WARN_INFINITE_RECURSION = YES;
				CLANG_WARN_INT_CONVERSION = YES;
				CLANG_WARN_NON_LITERAL_NULL_CONVERSION = YES;
				CLANG_WARN_OBJC_IMPLICIT_RETAIN_SELF = YES;
				CLANG_WARN_OBJC_LITERAL_CONVERSION = YES;
				CLANG_WARN_OBJC_ROOT_CLASS = YES_ERROR;
				CLANG_WARN_QUOTED_INCLUDE_IN_FRAMEWORK_HEADER = YES;
				CLANG_WARN_RANGE_LOOP_ANALYSIS = YES;
				CLANG_WARN_STRICT_PROTOTYPES = YES;
				CLANG_WARN_SUSPICIOUS_MOVE = YES;
				CLANG_WARN_UNGUARDED_AVAILABILITY = YES_AGGRESSIVE;
				CLANG_WARN_UNREACHABLE_CODE = YES;
				CLANG_WARN__DUPLICATE_METHOD_MATCH = YES;
				COPY_PHASE_STRIP = NO;
				DEBUG_INFORMATION_FORMAT = dwarf;
				ENABLE_STRICT_OBJC_MSGSEND = YES;
				ENABLE_TESTABILITY = YES;
				GCC_C_LANGUAGE_STANDARD = gnu11;
				GCC_DYNAMIC_NO_PIC = NO;
				GCC_NO_COMMON_BLOCKS = YES;
				GCC_OPTIMIZATION_LEVEL = 0;
				GCC_PREPROCESSOR_DEFINITIONS = (
					"DEBUG=1",
					"$(inherited)",
				);
				GCC_WARN_64_TO_32_BIT_CONVERSION = YES;
				GCC_WARN_ABOUT_RETURN_TYPE = YES_ERROR;
				GCC_WARN_UNDECLARED_SELECTOR = YES;
				GCC_WARN_UNINITIALIZED_AUTOS = YES_AGGRESSIVE;
				GCC_WARN_UNUSED_FUNCTION = YES;
				GCC_WARN_UNUSED_VARIABLE = YES;
				IPHONEOS_DEPLOYMENT_TARGET = 14.5;
				MTL_ENABLE_DEBUG_INFO = INCLUDE_SOURCE;
				MTL_FAST_MATH = YES;
				ONLY_ACTIVE_ARCH = YES;
				SDKROOT = iphoneos;
				SWIFT_ACTIVE_COMPILATION_CONDITIONS = DEBUG;
				SWIFT_OPTIMIZATION_LEVEL = "-Onone";
			};
			name = Debug;
		};
		DB33EB0026539EFE000CC1EF /* Release */ = {
			isa = XCBuildConfiguration;
			buildSettings = {
				ALWAYS_SEARCH_USER_PATHS = NO;
				CLANG_ANALYZER_NONNULL = YES;
				CLANG_ANALYZER_NUMBER_OBJECT_CONVERSION = YES_AGGRESSIVE;
				CLANG_CXX_LANGUAGE_STANDARD = "gnu++14";
				CLANG_CXX_LIBRARY = "libc++";
				CLANG_ENABLE_MODULES = YES;
				CLANG_ENABLE_OBJC_ARC = YES;
				CLANG_ENABLE_OBJC_WEAK = YES;
				CLANG_WARN_BLOCK_CAPTURE_AUTORELEASING = YES;
				CLANG_WARN_BOOL_CONVERSION = YES;
				CLANG_WARN_COMMA = YES;
				CLANG_WARN_CONSTANT_CONVERSION = YES;
				CLANG_WARN_DEPRECATED_OBJC_IMPLEMENTATIONS = YES;
				CLANG_WARN_DIRECT_OBJC_ISA_USAGE = YES_ERROR;
				CLANG_WARN_DOCUMENTATION_COMMENTS = YES;
				CLANG_WARN_EMPTY_BODY = YES;
				CLANG_WARN_ENUM_CONVERSION = YES;
				CLANG_WARN_INFINITE_RECURSION = YES;
				CLANG_WARN_INT_CONVERSION = YES;
				CLANG_WARN_NON_LITERAL_NULL_CONVERSION = YES;
				CLANG_WARN_OBJC_IMPLICIT_RETAIN_SELF = YES;
				CLANG_WARN_OBJC_LITERAL_CONVERSION = YES;
				CLANG_WARN_OBJC_ROOT_CLASS = YES_ERROR;
				CLANG_WARN_QUOTED_INCLUDE_IN_FRAMEWORK_HEADER = YES;
				CLANG_WARN_RANGE_LOOP_ANALYSIS = YES;
				CLANG_WARN_STRICT_PROTOTYPES = YES;
				CLANG_WARN_SUSPICIOUS_MOVE = YES;
				CLANG_WARN_UNGUARDED_AVAILABILITY = YES_AGGRESSIVE;
				CLANG_WARN_UNREACHABLE_CODE = YES;
				CLANG_WARN__DUPLICATE_METHOD_MATCH = YES;
				COPY_PHASE_STRIP = NO;
				DEBUG_INFORMATION_FORMAT = "dwarf-with-dsym";
				ENABLE_NS_ASSERTIONS = NO;
				ENABLE_STRICT_OBJC_MSGSEND = YES;
				GCC_C_LANGUAGE_STANDARD = gnu11;
				GCC_NO_COMMON_BLOCKS = YES;
				GCC_WARN_64_TO_32_BIT_CONVERSION = YES;
				GCC_WARN_ABOUT_RETURN_TYPE = YES_ERROR;
				GCC_WARN_UNDECLARED_SELECTOR = YES;
				GCC_WARN_UNINITIALIZED_AUTOS = YES_AGGRESSIVE;
				GCC_WARN_UNUSED_FUNCTION = YES;
				GCC_WARN_UNUSED_VARIABLE = YES;
				IPHONEOS_DEPLOYMENT_TARGET = 14.5;
				MTL_ENABLE_DEBUG_INFO = NO;
				MTL_FAST_MATH = YES;
				SDKROOT = iphoneos;
				SWIFT_COMPILATION_MODE = wholemodule;
				SWIFT_OPTIMIZATION_LEVEL = "-O";
				VALIDATE_PRODUCT = YES;
			};
			name = Release;
		};
		DB33EB0226539EFE000CC1EF /* Debug */ = {
			isa = XCBuildConfiguration;
			baseConfigurationReference = E7F4DDA3A60729C931D5F1DB /* Pods-Sha-InstagramApp.debug.xcconfig */;
			buildSettings = {
				ASSETCATALOG_COMPILER_APPICON_NAME = AppIcon;
				ASSETCATALOG_COMPILER_GLOBAL_ACCENT_COLOR_NAME = AccentColor;
				CODE_SIGN_STYLE = Automatic;
				DEVELOPMENT_TEAM = 4RY75X5YM8;
				INFOPLIST_FILE = "Sha-InstagramApp/Info.plist";
				LD_RUNPATH_SEARCH_PATHS = (
					"$(inherited)",
					"@executable_path/Frameworks",
				);
				PRODUCT_BUNDLE_IDENTIFIER = "co.akchan.Sha-InstagramApp";
				PRODUCT_NAME = "$(TARGET_NAME)";
				SWIFT_VERSION = 5.0;
				TARGETED_DEVICE_FAMILY = "1,2";
			};
			name = Debug;
		};
		DB33EB0326539EFE000CC1EF /* Release */ = {
			isa = XCBuildConfiguration;
			baseConfigurationReference = 7F5BDE6C3273AED7CA8B111D /* Pods-Sha-InstagramApp.release.xcconfig */;
			buildSettings = {
				ASSETCATALOG_COMPILER_APPICON_NAME = AppIcon;
				ASSETCATALOG_COMPILER_GLOBAL_ACCENT_COLOR_NAME = AccentColor;
				CODE_SIGN_STYLE = Automatic;
				DEVELOPMENT_TEAM = 4RY75X5YM8;
				INFOPLIST_FILE = "Sha-InstagramApp/Info.plist";
				LD_RUNPATH_SEARCH_PATHS = (
					"$(inherited)",
					"@executable_path/Frameworks",
				);
				PRODUCT_BUNDLE_IDENTIFIER = "co.akchan.Sha-InstagramApp";
				PRODUCT_NAME = "$(TARGET_NAME)";
				SWIFT_VERSION = 5.0;
				TARGETED_DEVICE_FAMILY = "1,2";
			};
			name = Release;
		};
/* End XCBuildConfiguration section */

/* Begin XCConfigurationList section */
		DB33EAE826539EFD000CC1EF /* Build configuration list for PBXProject "Sha-InstagramApp" */ = {
			isa = XCConfigurationList;
			buildConfigurations = (
				DB33EAFF26539EFE000CC1EF /* Debug */,
				DB33EB0026539EFE000CC1EF /* Release */,
			);
			defaultConfigurationIsVisible = 0;
			defaultConfigurationName = Release;
		};
		DB33EB0126539EFE000CC1EF /* Build configuration list for PBXNativeTarget "Sha-InstagramApp" */ = {
			isa = XCConfigurationList;
			buildConfigurations = (
				DB33EB0226539EFE000CC1EF /* Debug */,
				DB33EB0326539EFE000CC1EF /* Release */,
			);
			defaultConfigurationIsVisible = 0;
			defaultConfigurationName = Release;
		};
/* End XCConfigurationList section */
	};
	rootObject = DB33EAE526539EFD000CC1EF /* Project object */;
}
